{
  "object": {
    "pins": [
      {
        "package": "SwiftyStoreKit",
        "repositoryURL": "https://github.com/bizz84/SwiftyStoreKit.git",
        "state": {
          "branch": null,
          "revision": "6de7077c6cd15435c53d8ecfb1a09a371c83c4df",
          "version": "0.15.1"
        }
      }
    ]
  },
  "version": 1
}
