// !$*UTF8*$!
{
	archiveVersion = 1;
	classes = {
	};
	objectVersion = 52;
	objects = {

/* Begin PBXBuildFile section */
		1DD7F4CA241BBC9D00A3B087 /* SwiftyStoreKit in Frameworks */ = {isa = PBXBuildFile; productRef = 1DD7F4C9241BBC9D00A3B087 /* SwiftyStoreKit */; };
		1DFC24D223FD209F007C524A /* AppDelegate.swift in Sources */ = {isa = PBXBuildFile; fileRef = 1DFC24D123FD209F007C524A /* AppDelegate.swift */; };
		1DFC24D623FD209F007C524A /* MainViewController.swift in Sources */ = {isa = PBXBuildFile; fileRef = 1DFC24D523FD209F007C524A /* MainViewController.swift */; };
		1DFC24D923FD209F007C524A /* Main.storyboard in Resources */ = {isa = PBXBuildFile; fileRef = 1DFC24D723FD209F007C524A /* Main.storyboard */; };
		1DFC24DB23FD20A2007C524A /* Assets.xcassets in Resources */ = {isa = PBXBuildFile; fileRef = 1DFC24DA23FD20A2007C524A /* Assets.xcassets */; };
		1DFC24DE23FD20A2007C524A /* LaunchScreen.storyboard in Resources */ = {isa = PBXBuildFile; fileRef = 1DFC24DC23FD20A2007C524A /* LaunchScreen.storyboard */; };
		1DFC24E623FEB626007C524A /* AboutView.swift in Sources */ = {isa = PBXBuildFile; fileRef = 1DFC24E523FEB626007C524A /* AboutView.swift */; };
/* End PBXBuildFile section */

/* Begin PBXFileReference section */
		1DFC24CE23FD209F007C524A /* Camatrinsic.app */ = {isa = PBXFileReference; explicitFileType = wrapper.application; includeInIndex = 0; path = Camatrinsic.app; sourceTree = BUILT_PRODUCTS_DIR; };
		1DFC24D123FD209F007C524A /* AppDelegate.swift */ = {isa = PBXFileReference; lastKnownFileType = sourcecode.swift; path = AppDelegate.swift; sourceTree = "<group>"; };
		1DFC24D523FD209F007C524A /* MainViewController.swift */ = {isa = PBXFileReference; lastKnownFileType = sourcecode.swift; path = MainViewController.swift; sourceTree = "<group>"; };
		1DFC24D823FD209F007C524A /* Base */ = {isa = PBXFileReference; lastKnownFileType = file.storyboard; name = Base; path = Base.lproj/Main.storyboard; sourceTree = "<group>"; };
		1DFC24DA23FD20A2007C524A /* Assets.xcassets */ = {isa = PBXFileReference; lastKnownFileType = folder.assetcatalog; path = Assets.xcassets; sourceTree = "<group>"; };
		1DFC24DD23FD20A2007C524A /* Base */ = {isa = PBXFileReference; lastKnownFileType = file.storyboard; name = Base; path = Base.lproj/LaunchScreen.storyboard; sourceTree = "<group>"; };
		1DFC24DF23FD20A2007C524A /* Info.plist */ = {isa = PBXFileReference; lastKnownFileType = text.plist.xml; path = Info.plist; sourceTree = "<group>"; };
		1DFC24E523FEB626007C524A /* AboutView.swift */ = {isa = PBXFileReference; lastKnownFileType = sourcecode.swift; path = AboutView.swift; sourceTree = "<group>"; };
/* End PBXFileReference section */

/* Begin PBXFrameworksBuildPhase section */
		1DFC24CB23FD209F007C524A /* Frameworks */ = {
			isa = PBXFrameworksBuildPhase;
			buildActionMask = 2147483647;
			files = (
				1DD7F4CA241BBC9D00A3B087 /* SwiftyStoreKit in Frameworks */,
			);
			runOnlyForDeploymentPostprocessing = 0;
		};
/* End PBXFrameworksBuildPhase section */

/* Begin PBXGroup section */
		1DFC24C523FD209F007C524A = {
			isa = PBXGroup;
			children = (
				1DFC24D023FD209F007C524A /* CaMat */,
				1DFC24CF23FD209F007C524A /* Products */,
			);
			sourceTree = "<group>";
		};
		1DFC24CF23FD209F007C524A /* Products */ = {
			isa = PBXGroup;
			children = (
				1DFC24CE23FD209F007C524A /* Camatrinsic.app */,
			);
			name = Products;
			sourceTree = "<group>";
		};
		1DFC24D023FD209F007C524A /* CaMat */ = {
			isa = PBXGroup;
			children = (
				1DFC24D123FD209F007C524A /* AppDelegate.swift */,
				1DFC24D523FD209F007C524A /* MainViewController.swift */,
				1DFC24E523FEB626007C524A /* AboutView.swift */,
				1DFC24D723FD209F007C524A /* Main.storyboard */,
				1DFC24DA23FD20A2007C524A /* Assets.xcassets */,
				1DFC24DC23FD20A2007C524A /* LaunchScreen.storyboard */,
				1DFC24DF23FD20A2007C524A /* Info.plist */,
			);
			path = CaMat;
			sourceTree = "<group>";
		};
/* End PBXGroup section */

/* Begin PBXNativeTarget section */
		1DFC24CD23FD209F007C524A /* CaMat */ = {
			isa = PBXNativeTarget;
			buildConfigurationList = 1DFC24E223FD20A2007C524A /* Build configuration list for PBXNativeTarget "CaMat" */;
			buildPhases = (
				1DFC24CA23FD209F007C524A /* Sources */,
				1DFC24CB23FD209F007C524A /* Frameworks */,
				1DFC24CC23FD209F007C524A /* Resources */,
			);
			buildRules = (
			);
			dependencies = (
			);
			name = CaMat;
			packageProductDependencies = (
				1DD7F4C9241BBC9D00A3B087 /* SwiftyStoreKit */,
			);
			productName = CaMat;
			productReference = 1DFC24CE23FD209F007C524A /* Camatrinsic.app */;
			productType = "com.apple.product-type.application";
		};
/* End PBXNativeTarget section */

/* Begin PBXProject section */
		1DFC24C623FD209F007C524A /* Project object */ = {
			isa = PBXProject;
			attributes = {
				LastSwiftUpdateCheck = 1130;
				LastUpgradeCheck = 1130;
				ORGANIZATIONNAME = Wangyiwei;
				TargetAttributes = {
					1DFC24CD23FD209F007C524A = {
						CreatedOnToolsVersion = 11.3.1;
					};
				};
			};
			buildConfigurationList = 1DFC24C923FD209F007C524A /* Build configuration list for PBXProject "CaMat" */;
			compatibilityVersion = "Xcode 11.0";
			developmentRegion = en;
			hasScannedForEncodings = 0;
			knownRegions = (
				en,
				Base,
			);
			mainGroup = 1DFC24C523FD209F007C524A;
			packageReferences = (
				1DD7F4C8241BBC9D00A3B087 /* XCRemoteSwiftPackageReference "SwiftyStoreKit" */,
			);
			productRefGroup = 1DFC24CF23FD209F007C524A /* Products */;
			projectDirPath = "";
			projectRoot = "";
			targets = (
				1DFC24CD23FD209F007C524A /* CaMat */,
			);
		};
/* End PBXProject section */

/* Begin PBXResourcesBuildPhase section */
		1DFC24CC23FD209F007C524A /* Resources */ = {
			isa = PBXResourcesBuildPhase;
			buildActionMask = 2147483647;
			files = (
				1DFC24DE23FD20A2007C524A /* LaunchScreen.storyboard in Resources */,
				1DFC24DB23FD20A2007C524A /* Assets.xcassets in Resources */,
				1DFC24D923FD209F007C524A /* Main.storyboard in Resources */,
			);
			runOnlyForDeploymentPostprocessing = 0;
		};
/* End PBXResourcesBuildPhase section */

/* Begin PBXSourcesBuildPhase section */
		1DFC24CA23FD209F007C524A /* Sources */ = {
			isa = PBXSourcesBuildPhase;
			buildActionMask = 2147483647;
			files = (
				1DFC24D623FD209F007C524A /* MainViewController.swift in Sources */,
				1DFC24E623FEB626007C524A /* AboutView.swift in Sources */,
				1DFC24D223FD209F007C524A /* AppDelegate.swift in Sources */,
			);
			runOnlyForDeploymentPostprocessing = 0;
		};
/* End PBXSourcesBuildPhase section */

/* Begin PBXVariantGroup section */
		1DFC24D723FD209F007C524A /* Main.storyboard */ = {
			isa = PBXVariantGroup;
			children = (
				1DFC24D823FD209F007C524A /* Base */,
			);
			name = Main.storyboard;
			sourceTree = "<group>";
		};
		1DFC24DC23FD20A2007C524A /* LaunchScreen.storyboard */ = {
			isa = PBXVariantGroup;
			children = (
				1DFC24DD23FD20A2007C524A /* Base */,
			);
			name = LaunchScreen.storyboard;
			sourceTree = "<group>";
		};
/* End PBXVariantGroup section */

/* Begin XCBuildConfiguration section */
		1DFC24E023FD20A2007C524A /* Debug */ = {
			isa = XCBuildConfiguration;
			buildSettings = {
				ALWAYS_SEARCH_USER_PATHS = NO;
				CLANG_ANALYZER_NONNULL = YES;
				CLANG_ANALYZER_NUMBER_OBJECT_CONVERSION = YES_AGGRESSIVE;
				CLANG_CXX_LANGUAGE_STANDARD = "gnu++14";
				CLANG_CXX_LIBRARY = "libc++";
				CLANG_ENABLE_MODULES = YES;
				CLANG_ENABLE_OBJC_ARC = YES;
				CLANG_ENABLE_OBJC_WEAK = YES;
				CLANG_WARN_BLOCK_CAPTURE_AUTORELEASING = YES;
				CLANG_WARN_BOOL_CONVERSION = YES;
				CLANG_WARN_COMMA = YES;
				CLANG_WARN_CONSTANT_CONVERSION = YES;
				CLANG_WARN_DEPRECATED_OBJC_IMPLEMENTATIONS = YES;
				CLANG_WARN_DIRECT_OBJC_ISA_USAGE = YES_ERROR;
				CLANG_WARN_DOCUMENTATION_COMMENTS = YES;
				CLANG_WARN_EMPTY_BODY = YES;
				CLANG_WARN_ENUM_CONVERSION = YES;
				CLANG_WARN_INFINITE_RECURSION = YES;
				CLANG_WARN_INT_CONVERSION = YES;
				CLANG_WARN_NON_LITERAL_NULL_CONVERSION = YES;
				CLANG_WARN_OBJC_IMPLICIT_RETAIN_SELF = YES;
				CLANG_WARN_OBJC_LITERAL_CONVERSION = YES;
				CLANG_WARN_OBJC_ROOT_CLASS = YES_ERROR;
				CLANG_WARN_RANGE_LOOP_ANALYSIS = YES;
				CLANG_WARN_STRICT_PROTOTYPES = YES;
				CLANG_WARN_SUSPICIOUS_MOVE = YES;
				CLANG_WARN_UNGUARDED_AVAILABILITY = YES_AGGRESSIVE;
				CLANG_WARN_UNREACHABLE_CODE = YES;
				CLANG_WARN__DUPLICATE_METHOD_MATCH = YES;
				COPY_PHASE_STRIP = NO;
				DEBUG_INFORMATION_FORMAT = dwarf;
				ENABLE_STRICT_OBJC_MSGSEND = YES;
				ENABLE_TESTABILITY = YES;
				GCC_C_LANGUAGE_STANDARD = gnu11;
				GCC_DYNAMIC_NO_PIC = NO;
				GCC_NO_COMMON_BLOCKS = YES;
				GCC_OPTIMIZATION_LEVEL = 0;
				GCC_PREPROCESSOR_DEFINITIONS = (
					"DEBUG=1",
					"$(inherited)",
				);
				GCC_WARN_64_TO_32_BIT_CONVERSION = YES;
				GCC_WARN_ABOUT_RETURN_TYPE = YES_ERROR;
				GCC_WARN_UNDECLARED_SELECTOR = YES;
				GCC_WARN_UNINITIALIZED_AUTOS = YES_AGGRESSIVE;
				GCC_WARN_UNUSED_FUNCTION = YES;
				GCC_WARN_UNUSED_VARIABLE = YES;
				IPHONEOS_DEPLOYMENT_TARGET = 11.0;
				MTL_ENABLE_DEBUG_INFO = INCLUDE_SOURCE;
				MTL_FAST_MATH = YES;
				ONLY_ACTIVE_ARCH = YES;
				SDKROOT = iphoneos;
				SWIFT_ACTIVE_COMPILATION_CONDITIONS = DEBUG;
				SWIFT_OPTIMIZATION_LEVEL = "-Onone";
			};
			name = Debug;
		};
		1DFC24E123FD20A2007C524A /* Release */ = {
			isa = XCBuildConfiguration;
			buildSettings = {
				ALWAYS_SEARCH_USER_PATHS = NO;
				CLANG_ANALYZER_NONNULL = YES;
				CLANG_ANALYZER_NUMBER_OBJECT_CONVERSION = YES_AGGRESSIVE;
				CLANG_CXX_LANGUAGE_STANDARD = "gnu++14";
				CLANG_CXX_LIBRARY = "libc++";
				CLANG_ENABLE_MODULES = YES;
				CLANG_ENABLE_OBJC_ARC = YES;
				CLANG_ENABLE_OBJC_WEAK = YES;
				CLANG_WARN_BLOCK_CAPTURE_AUTORELEASING = YES;
				CLANG_WARN_BOOL_CONVERSION = YES;
				CLANG_WARN_COMMA = YES;
				CLANG_WARN_CONSTANT_CONVERSION = YES;
				CLANG_WARN_DEPRECATED_OBJC_IMPLEMENTATIONS = YES;
				CLANG_WARN_DIRECT_OBJC_ISA_USAGE = YES_ERROR;
				CLANG_WARN_DOCUMENTATION_COMMENTS = YES;
				CLANG_WARN_EMPTY_BODY = YES;
				CLANG_WARN_ENUM_CONVERSION = YES;
				CLANG_WARN_INFINITE_RECURSION = YES;
				CLANG_WARN_INT_CONVERSION = YES;
				CLANG_WARN_NON_LITERAL_NULL_CONVERSION = YES;
				CLANG_WARN_OBJC_IMPLICIT_RETAIN_SELF = YES;
				CLANG_WARN_OBJC_LITERAL_CONVERSION = YES;
				CLANG_WARN_OBJC_ROOT_CLASS = YES_ERROR;
				CLANG_WARN_RANGE_LOOP_ANALYSIS = YES;
				CLANG_WARN_STRICT_PROTOTYPES = YES;
				CLANG_WARN_SUSPICIOUS_MOVE = YES;
				CLANG_WARN_UNGUARDED_AVAILABILITY = YES_AGGRESSIVE;
				CLANG_WARN_UNREACHABLE_CODE = YES;
				CLANG_WARN__DUPLICATE_METHOD_MATCH = YES;
				COPY_PHASE_STRIP = NO;
				DEBUG_INFORMATION_FORMAT = "dwarf-with-dsym";
				ENABLE_NS_ASSERTIONS = NO;
				ENABLE_STRICT_OBJC_MSGSEND = YES;
				GCC_C_LANGUAGE_STANDARD = gnu11;
				GCC_NO_COMMON_BLOCKS = YES;
				GCC_WARN_64_TO_32_BIT_CONVERSION = YES;
				GCC_WARN_ABOUT_RETURN_TYPE = YES_ERROR;
				GCC_WARN_UNDECLARED_SELECTOR = YES;
				GCC_WARN_UNINITIALIZED_AUTOS = YES_AGGRESSIVE;
				GCC_WARN_UNUSED_FUNCTION = YES;
				GCC_WARN_UNUSED_VARIABLE = YES;
				IPHONEOS_DEPLOYMENT_TARGET = 11.0;
				MTL_ENABLE_DEBUG_INFO = NO;
				MTL_FAST_MATH = YES;
				SDKROOT = iphoneos;
				SWIFT_COMPILATION_MODE = wholemodule;
				SWIFT_OPTIMIZATION_LEVEL = "-O";
				VALIDATE_PRODUCT = YES;
			};
			name = Release;
		};
		1DFC24E323FD20A2007C524A /* Debug */ = {
			isa = XCBuildConfiguration;
			buildSettings = {
				ASSETCATALOG_COMPILER_APPICON_NAME = AppIcon;
				CODE_SIGN_STYLE = Automatic;
				CURRENT_PROJECT_VERSION = 17;
				DEVELOPMENT_TEAM = JS2ME2LTBF;
				INFOPLIST_FILE = CaMat/Info.plist;
				IPHONEOS_DEPLOYMENT_TARGET = 11.0;
				LD_RUNPATH_SEARCH_PATHS = (
					"$(inherited)",
					"@executable_path/Frameworks",
				);
				MARKETING_VERSION = 1.0.2;
				PRODUCT_BUNDLE_IDENTIFIER = com.wyw.camatrinsic;
				PRODUCT_NAME = Camatrinsic;
				SWIFT_VERSION = 5.0;
				TARGETED_DEVICE_FAMILY = "1,2";
			};
			name = Debug;
		};
		1DFC24E423FD20A2007C524A /* Release */ = {
			isa = XCBuildConfiguration;
			buildSettings = {
				ASSETCATALOG_COMPILER_APPICON_NAME = AppIcon;
				CODE_SIGN_IDENTITY = "iPhone Distribution";
				CODE_SIGN_STYLE = Manual;
				CURRENT_PROJECT_VERSION = 17;
				DEVELOPMENT_TEAM = JS2ME2LTBF;
				INFOPLIST_FILE = CaMat/Info.plist;
				IPHONEOS_DEPLOYMENT_TARGET = 11.0;
				LD_RUNPATH_SEARCH_PATHS = (
					"$(inherited)",
					"@executable_path/Frameworks",
				);
				MARKETING_VERSION = 1.0.2;
				PRODUCT_BUNDLE_IDENTIFIER = com.wyw.camatrinsic;
				PRODUCT_NAME = Camatrinsic;
				PROVISIONING_PROFILE_SPECIFIER = Camatrinsic;
				SWIFT_VERSION = 5.0;
				TARGETED_DEVICE_FAMILY = "1,2";
			};
			name = Release;
		};
/* End XCBuildConfiguration section */

/* Begin XCConfigurationList section */
		1DFC24C923FD209F007C524A /* Build configuration list for PBXProject "CaMat" */ = {
			isa = XCConfigurationList;
			buildConfigurations = (
				1DFC24E023FD20A2007C524A /* Debug */,
				1DFC24E123FD20A2007C524A /* Release */,
			);
			defaultConfigurationIsVisible = 0;
			defaultConfigurationName = Release;
		};
		1DFC24E223FD20A2007C524A /* Build configuration list for PBXNativeTarget "CaMat" */ = {
			isa = XCConfigurationList;
			buildConfigurations = (
				1DFC24E323FD20A2007C524A /* Debug */,
				1DFC24E423FD20A2007C524A /* Release */,
			);
			defaultConfigurationIsVisible = 0;
			defaultConfigurationName = Release;
		};
/* End XCConfigurationList section */

/* Begin XCRemoteSwiftPackageReference section */
		1DD7F4C8241BBC9D00A3B087 /* XCRemoteSwiftPackageReference "SwiftyStoreKit" */ = {
			isa = XCRemoteSwiftPackageReference;
			repositoryURL = "https://github.com/bizz84/SwiftyStoreKit.git";
			requirement = {
				kind = upToNextMajorVersion;
				minimumVersion = 0.15.1;
			};
		};
/* End XCRemoteSwiftPackageReference section */

/* Begin XCSwiftPackageProductDependency section */
		1DD7F4C9241BBC9D00A3B087 /* SwiftyStoreKit */ = {
			isa = XCSwiftPackageProductDependency;
			package = 1DD7F4C8241BBC9D00A3B087 /* XCRemoteSwiftPackageReference "SwiftyStoreKit" */;
			productName = SwiftyStoreKit;
		};
/* End XCSwiftPackageProductDependency section */
	};
	rootObject = 1DFC24C623FD209F007C524A /* Project object */;
}
